// !$*UTF8*$!
{
	archiveVersion = 1;
	classes = {
	};
	objectVersion = 50;
	objects = {

/* Begin PBXBuildFile section */
		B94BE0BB215A25F80088CDAB /* AppDelegate.swift in Sources */ = {isa = PBXBuildFile; fileRef = B94BE0BA215A25F80088CDAB /* AppDelegate.swift */; };
		B94BE0BD215A25F80088CDAB /* QuizViewController.swift in Sources */ = {isa = PBXBuildFile; fileRef = B94BE0BC215A25F80088CDAB /* QuizViewController.swift */; };
		B94BE0C0215A25F80088CDAB /* Main.storyboard in Resources */ = {isa = PBXBuildFile; fileRef = B94BE0BE215A25F80088CDAB /* Main.storyboard */; };
		B94BE0C2215A25FA0088CDAB /* Assets.xcassets in Resources */ = {isa = PBXBuildFile; fileRef = B94BE0C1215A25FA0088CDAB /* Assets.xcassets */; };
		B94BE0C5215A25FA0088CDAB /* LaunchScreen.storyboard in Resources */ = {isa = PBXBuildFile; fileRef = B94BE0C3215A25FA0088CDAB /* LaunchScreen.storyboard */; };
		B94BE0D1215A38160088CDAB /* ChoosePlaylistViewController.swift in Sources */ = {isa = PBXBuildFile; fileRef = B94BE0D0215A38160088CDAB /* ChoosePlaylistViewController.swift */; };
		B94BE0D3215A38600088CDAB /* UIModels.swift in Sources */ = {isa = PBXBuildFile; fileRef = B94BE0D2215A38600088CDAB /* UIModels.swift */; };
		D01574C5215A32C2005FD6EA /* Model.swift in Sources */ = {isa = PBXBuildFile; fileRef = D01574C1215A32C1005FD6EA /* Model.swift */; };
		D01574C6215A32C2005FD6EA /* AudioController.swift in Sources */ = {isa = PBXBuildFile; fileRef = D01574C2215A32C1005FD6EA /* AudioController.swift */; };
		D01574C8215A32C2005FD6EA /* Spotify.swift in Sources */ = {isa = PBXBuildFile; fileRef = D01574C4215A32C2005FD6EA /* Spotify.swift */; };
		E17936888C5FD436806CC76D /* Pods_Music_quiz.framework in Frameworks */ = {isa = PBXBuildFile; fileRef = E81918F90733AB38D46C59A6 /* Pods_Music_quiz.framework */; };
/* End PBXBuildFile section */

/* Begin PBXFileReference section */
		027646B6A128F92FF1C511B0 /* Pods-Music quiz.debug.xcconfig */ = {isa = PBXFileReference; includeInIndex = 1; lastKnownFileType = text.xcconfig; name = "Pods-Music quiz.debug.xcconfig"; path = "Pods/Target Support Files/Pods-Music quiz/Pods-Music quiz.debug.xcconfig"; sourceTree = "<group>"; };
		9566920A518487BC7F8801DE /* Pods-Music quiz.release.xcconfig */ = {isa = PBXFileReference; includeInIndex = 1; lastKnownFileType = text.xcconfig; name = "Pods-Music quiz.release.xcconfig"; path = "Pods/Target Support Files/Pods-Music quiz/Pods-Music quiz.release.xcconfig"; sourceTree = "<group>"; };
		B94BE0B7215A25F80088CDAB /* Music quiz.app */ = {isa = PBXFileReference; explicitFileType = wrapper.application; includeInIndex = 0; path = "Music quiz.app"; sourceTree = BUILT_PRODUCTS_DIR; };
		B94BE0BA215A25F80088CDAB /* AppDelegate.swift */ = {isa = PBXFileReference; lastKnownFileType = sourcecode.swift; path = AppDelegate.swift; sourceTree = "<group>"; };
		B94BE0BC215A25F80088CDAB /* QuizViewController.swift */ = {isa = PBXFileReference; lastKnownFileType = sourcecode.swift; path = QuizViewController.swift; sourceTree = "<group>"; };
		B94BE0BF215A25F80088CDAB /* Base */ = {isa = PBXFileReference; lastKnownFileType = file.storyboard; name = Base; path = Base.lproj/Main.storyboard; sourceTree = "<group>"; };
		B94BE0C1215A25FA0088CDAB /* Assets.xcassets */ = {isa = PBXFileReference; lastKnownFileType = folder.assetcatalog; path = Assets.xcassets; sourceTree = "<group>"; };
		B94BE0C4215A25FA0088CDAB /* Base */ = {isa = PBXFileReference; lastKnownFileType = file.storyboard; name = Base; path = Base.lproj/LaunchScreen.storyboard; sourceTree = "<group>"; };
		B94BE0C6215A25FB0088CDAB /* Info.plist */ = {isa = PBXFileReference; lastKnownFileType = text.plist.xml; path = Info.plist; sourceTree = "<group>"; };
		B94BE0D0215A38160088CDAB /* ChoosePlaylistViewController.swift */ = {isa = PBXFileReference; lastKnownFileType = sourcecode.swift; path = ChoosePlaylistViewController.swift; sourceTree = "<group>"; };
		B94BE0D2215A38600088CDAB /* UIModels.swift */ = {isa = PBXFileReference; lastKnownFileType = sourcecode.swift; path = UIModels.swift; sourceTree = "<group>"; };
		D01574C1215A32C1005FD6EA /* Model.swift */ = {isa = PBXFileReference; fileEncoding = 4; lastKnownFileType = sourcecode.swift; path = Model.swift; sourceTree = "<group>"; };
		D01574C2215A32C1005FD6EA /* AudioController.swift */ = {isa = PBXFileReference; fileEncoding = 4; lastKnownFileType = sourcecode.swift; path = AudioController.swift; sourceTree = "<group>"; };
		D01574C4215A32C2005FD6EA /* Spotify.swift */ = {isa = PBXFileReference; fileEncoding = 4; lastKnownFileType = sourcecode.swift; path = Spotify.swift; sourceTree = "<group>"; };
		E81918F90733AB38D46C59A6 /* Pods_Music_quiz.framework */ = {isa = PBXFileReference; explicitFileType = wrapper.framework; includeInIndex = 0; path = Pods_Music_quiz.framework; sourceTree = BUILT_PRODUCTS_DIR; };
/* End PBXFileReference section */

/* Begin PBXFrameworksBuildPhase section */
		B94BE0B4215A25F80088CDAB /* Frameworks */ = {
			isa = PBXFrameworksBuildPhase;
			buildActionMask = 2147483647;
			files = (
				E17936888C5FD436806CC76D /* Pods_Music_quiz.framework in Frameworks */,
			);
			runOnlyForDeploymentPostprocessing = 0;
		};
/* End PBXFrameworksBuildPhase section */

/* Begin PBXGroup section */
		AB00C8AECF6DD70C5EBD99D6 /* Pods */ = {
			isa = PBXGroup;
			children = (
				027646B6A128F92FF1C511B0 /* Pods-Music quiz.debug.xcconfig */,
				9566920A518487BC7F8801DE /* Pods-Music quiz.release.xcconfig */,
			);
			name = Pods;
			sourceTree = "<group>";
		};
		B94BE0AE215A25F80088CDAB = {
			isa = PBXGroup;
			children = (
				B94BE0B9215A25F80088CDAB /* Music quiz */,
				B94BE0B8215A25F80088CDAB /* Products */,
				AB00C8AECF6DD70C5EBD99D6 /* Pods */,
				CEFC57F146FC9D46A605697A /* Frameworks */,
			);
			sourceTree = "<group>";
		};
		B94BE0B8215A25F80088CDAB /* Products */ = {
			isa = PBXGroup;
			children = (
				B94BE0B7215A25F80088CDAB /* Music quiz.app */,
			);
			name = Products;
			sourceTree = "<group>";
		};
		B94BE0B9215A25F80088CDAB /* Music quiz */ = {
			isa = PBXGroup;
			children = (
				B94BE0BA215A25F80088CDAB /* AppDelegate.swift */,
				B94BE0BC215A25F80088CDAB /* QuizViewController.swift */,
				D01574C2215A32C1005FD6EA /* AudioController.swift */,
				D01574C1215A32C1005FD6EA /* Model.swift */,
				B94BE0D2215A38600088CDAB /* UIModels.swift */,
				B94BE0D0215A38160088CDAB /* ChoosePlaylistViewController.swift */,
				D01574C4215A32C2005FD6EA /* Spotify.swift */,
				B94BE0BE215A25F80088CDAB /* Main.storyboard */,
				B94BE0C1215A25FA0088CDAB /* Assets.xcassets */,
				B94BE0C3215A25FA0088CDAB /* LaunchScreen.storyboard */,
				B94BE0C6215A25FB0088CDAB /* Info.plist */,
			);
			path = "Music quiz";
			sourceTree = "<group>";
		};
		CEFC57F146FC9D46A605697A /* Frameworks */ = {
			isa = PBXGroup;
			children = (
				E81918F90733AB38D46C59A6 /* Pods_Music_quiz.framework */,
			);
			name = Frameworks;
			sourceTree = "<group>";
		};
/* End PBXGroup section */

/* Begin PBXNativeTarget section */
		B94BE0B6215A25F80088CDAB /* Music quiz */ = {
			isa = PBXNativeTarget;
			buildConfigurationList = B94BE0C9215A25FB0088CDAB /* Build configuration list for PBXNativeTarget "Music quiz" */;
			buildPhases = (
				E42FA150732D98CAFE69F0B0 /* [CP] Check Pods Manifest.lock */,
				B94BE0B3215A25F80088CDAB /* Sources */,
				B94BE0B4215A25F80088CDAB /* Frameworks */,
				B94BE0B5215A25F80088CDAB /* Resources */,
				D9CE10B345522F5B6A54573B /* [CP] Embed Pods Frameworks */,
			);
			buildRules = (
			);
			dependencies = (
			);
			name = "Music quiz";
			productName = "Music quiz";
			productReference = B94BE0B7215A25F80088CDAB /* Music quiz.app */;
			productType = "com.apple.product-type.application";
		};
/* End PBXNativeTarget section */

/* Begin PBXProject section */
		B94BE0AF215A25F80088CDAB /* Project object */ = {
			isa = PBXProject;
			attributes = {
				LastSwiftUpdateCheck = 0940;
				LastUpgradeCheck = 0940;
				ORGANIZATIONNAME = "The Funtasty";
				TargetAttributes = {
					B94BE0B6215A25F80088CDAB = {
						CreatedOnToolsVersion = 9.4.1;
					};
				};
			};
			buildConfigurationList = B94BE0B2215A25F80088CDAB /* Build configuration list for PBXProject "Music quiz" */;
			compatibilityVersion = "Xcode 9.3";
			developmentRegion = en;
			hasScannedForEncodings = 0;
			knownRegions = (
				en,
				Base,
			);
			mainGroup = B94BE0AE215A25F80088CDAB;
			productRefGroup = B94BE0B8215A25F80088CDAB /* Products */;
			projectDirPath = "";
			projectRoot = "";
			targets = (
				B94BE0B6215A25F80088CDAB /* Music quiz */,
			);
		};
/* End PBXProject section */

/* Begin PBXResourcesBuildPhase section */
		B94BE0B5215A25F80088CDAB /* Resources */ = {
			isa = PBXResourcesBuildPhase;
			buildActionMask = 2147483647;
			files = (
				B94BE0C5215A25FA0088CDAB /* LaunchScreen.storyboard in Resources */,
				B94BE0C2215A25FA0088CDAB /* Assets.xcassets in Resources */,
				B94BE0C0215A25F80088CDAB /* Main.storyboard in Resources */,
			);
			runOnlyForDeploymentPostprocessing = 0;
		};
/* End PBXResourcesBuildPhase section */

/* Begin PBXShellScriptBuildPhase section */
		D9CE10B345522F5B6A54573B /* [CP] Embed Pods Frameworks */ = {
			isa = PBXShellScriptBuildPhase;
			buildActionMask = 2147483647;
			files = (
			);
			inputPaths = (
				"${SRCROOT}/Pods/Target Support Files/Pods-Music quiz/Pods-Music quiz-frameworks.sh",
				"${BUILT_PRODUCTS_DIR}/PromiseKit/PromiseKit.framework",
			);
			name = "[CP] Embed Pods Frameworks";
			outputPaths = (
				"${TARGET_BUILD_DIR}/${FRAMEWORKS_FOLDER_PATH}/PromiseKit.framework",
			);
			runOnlyForDeploymentPostprocessing = 0;
			shellPath = /bin/sh;
			shellScript = "\"${SRCROOT}/Pods/Target Support Files/Pods-Music quiz/Pods-Music quiz-frameworks.sh\"\n";
			showEnvVarsInLog = 0;
		};
		E42FA150732D98CAFE69F0B0 /* [CP] Check Pods Manifest.lock */ = {
			isa = PBXShellScriptBuildPhase;
			buildActionMask = 2147483647;
			files = (
			);
			inputPaths = (
				"${PODS_PODFILE_DIR_PATH}/Podfile.lock",
				"${PODS_ROOT}/Manifest.lock",
			);
			name = "[CP] Check Pods Manifest.lock";
			outputPaths = (
				"$(DERIVED_FILE_DIR)/Pods-Music quiz-checkManifestLockResult.txt",
			);
			runOnlyForDeploymentPostprocessing = 0;
			shellPath = /bin/sh;
			shellScript = "diff \"${PODS_PODFILE_DIR_PATH}/Podfile.lock\" \"${PODS_ROOT}/Manifest.lock\" > /dev/null\nif [ $? != 0 ] ; then\n    # print error to STDERR\n    echo \"error: The sandbox is not in sync with the Podfile.lock. Run 'pod install' or update your CocoaPods installation.\" >&2\n    exit 1\nfi\n# This output is used by Xcode 'outputs' to avoid re-running this script phase.\necho \"SUCCESS\" > \"${SCRIPT_OUTPUT_FILE_0}\"\n";
			showEnvVarsInLog = 0;
		};
/* End PBXShellScriptBuildPhase section */

/* Begin PBXSourcesBuildPhase section */
		B94BE0B3215A25F80088CDAB /* Sources */ = {
			isa = PBXSourcesBuildPhase;
			buildActionMask = 2147483647;
			files = (
				D01574C8215A32C2005FD6EA /* Spotify.swift in Sources */,
				B94BE0D1215A38160088CDAB /* ChoosePlaylistViewController.swift in Sources */,
				D01574C5215A32C2005FD6EA /* Model.swift in Sources */,
				B94BE0D3215A38600088CDAB /* UIModels.swift in Sources */,
				B94BE0BD215A25F80088CDAB /* QuizViewController.swift in Sources */,
				D01574C6215A32C2005FD6EA /* AudioController.swift in Sources */,
				B94BE0BB215A25F80088CDAB /* AppDelegate.swift in Sources */,
			);
			runOnlyForDeploymentPostprocessing = 0;
		};
/* End PBXSourcesBuildPhase section */

/* Begin PBXVariantGroup section */
		B94BE0BE215A25F80088CDAB /* Main.storyboard */ = {
			isa = PBXVariantGroup;
			children = (
				B94BE0BF215A25F80088CDAB /* Base */,
			);
			name = Main.storyboard;
			sourceTree = "<group>";
		};
		B94BE0C3215A25FA0088CDAB /* LaunchScreen.storyboard */ = {
			isa = PBXVariantGroup;
			children = (
				B94BE0C4215A25FA0088CDAB /* Base */,
			);
			name = LaunchScreen.storyboard;
			sourceTree = "<group>";
		};
/* End PBXVariantGroup section */

/* Begin XCBuildConfiguration section */
		B94BE0C7215A25FB0088CDAB /* Debug */ = {
			isa = XCBuildConfiguration;
			buildSettings = {
				ALWAYS_SEARCH_USER_PATHS = NO;
				CLANG_ANALYZER_NONNULL = YES;
				CLANG_ANALYZER_NUMBER_OBJECT_CONVERSION = YES_AGGRESSIVE;
				CLANG_CXX_LANGUAGE_STANDARD = "gnu++14";
				CLANG_CXX_LIBRARY = "libc++";
				CLANG_ENABLE_MODULES = YES;
				CLANG_ENABLE_OBJC_ARC = YES;
				CLANG_ENABLE_OBJC_WEAK = YES;
				CLANG_WARN_BLOCK_CAPTURE_AUTORELEASING = YES;
				CLANG_WARN_BOOL_CONVERSION = YES;
				CLANG_WARN_COMMA = YES;
				CLANG_WARN_CONSTANT_CONVERSION = YES;
				CLANG_WARN_DEPRECATED_OBJC_IMPLEMENTATIONS = YES;
				CLANG_WARN_DIRECT_OBJC_ISA_USAGE = YES_ERROR;
				CLANG_WARN_DOCUMENTATION_COMMENTS = YES;
				CLANG_WARN_EMPTY_BODY = YES;
				CLANG_WARN_ENUM_CONVERSION = YES;
				CLANG_WARN_INFINITE_RECURSION = YES;
				CLANG_WARN_INT_CONVERSION = YES;
				CLANG_WARN_NON_LITERAL_NULL_CONVERSION = YES;
				CLANG_WARN_OBJC_IMPLICIT_RETAIN_SELF = YES;
				CLANG_WARN_OBJC_LITERAL_CONVERSION = YES;
				CLANG_WARN_OBJC_ROOT_CLASS = YES_ERROR;
				CLANG_WARN_RANGE_LOOP_ANALYSIS = YES;
				CLANG_WARN_STRICT_PROTOTYPES = YES;
				CLANG_WARN_SUSPICIOUS_MOVE = YES;
				CLANG_WARN_UNGUARDED_AVAILABILITY = YES_AGGRESSIVE;
				CLANG_WARN_UNREACHABLE_CODE = YES;
				CLANG_WARN__DUPLICATE_METHOD_MATCH = YES;
				CODE_SIGN_IDENTITY = "iPhone Developer";
				COPY_PHASE_STRIP = NO;
				DEBUG_INFORMATION_FORMAT = dwarf;
				ENABLE_STRICT_OBJC_MSGSEND = YES;
				ENABLE_TESTABILITY = YES;
				GCC_C_LANGUAGE_STANDARD = gnu11;
				GCC_DYNAMIC_NO_PIC = NO;
				GCC_NO_COMMON_BLOCKS = YES;
				GCC_OPTIMIZATION_LEVEL = 0;
				GCC_PREPROCESSOR_DEFINITIONS = (
					"DEBUG=1",
					"$(inherited)",
				);
				GCC_WARN_64_TO_32_BIT_CONVERSION = YES;
				GCC_WARN_ABOUT_RETURN_TYPE = YES_ERROR;
				GCC_WARN_UNDECLARED_SELECTOR = YES;
				GCC_WARN_UNINITIALIZED_AUTOS = YES_AGGRESSIVE;
				GCC_WARN_UNUSED_FUNCTION = YES;
				GCC_WARN_UNUSED_VARIABLE = YES;
				IPHONEOS_DEPLOYMENT_TARGET = 11.4;
				MTL_ENABLE_DEBUG_INFO = YES;
				ONLY_ACTIVE_ARCH = YES;
				SDKROOT = iphoneos;
				SWIFT_ACTIVE_COMPILATION_CONDITIONS = DEBUG;
				SWIFT_OPTIMIZATION_LEVEL = "-Onone";
			};
			name = Debug;
		};
		B94BE0C8215A25FB0088CDAB /* Release */ = {
			isa = XCBuildConfiguration;
			buildSettings = {
				ALWAYS_SEARCH_USER_PATHS = NO;
				CLANG_ANALYZER_NONNULL = YES;
				CLANG_ANALYZER_NUMBER_OBJECT_CONVERSION = YES_AGGRESSIVE;
				CLANG_CXX_LANGUAGE_STANDARD = "gnu++14";
				CLANG_CXX_LIBRARY = "libc++";
				CLANG_ENABLE_MODULES = YES;
				CLANG_ENABLE_OBJC_ARC = YES;
				CLANG_ENABLE_OBJC_WEAK = YES;
				CLANG_WARN_BLOCK_CAPTURE_AUTORELEASING = YES;
				CLANG_WARN_BOOL_CONVERSION = YES;
				CLANG_WARN_COMMA = YES;
				CLANG_WARN_CONSTANT_CONVERSION = YES;
				CLANG_WARN_DEPRECATED_OBJC_IMPLEMENTATIONS = YES;
				CLANG_WARN_DIRECT_OBJC_ISA_USAGE = YES_ERROR;
				CLANG_WARN_DOCUMENTATION_COMMENTS = YES;
				CLANG_WARN_EMPTY_BODY = YES;
				CLANG_WARN_ENUM_CONVERSION = YES;
				CLANG_WARN_INFINITE_RECURSION = YES;
				CLANG_WARN_INT_CONVERSION = YES;
				CLANG_WARN_NON_LITERAL_NULL_CONVERSION = YES;
				CLANG_WARN_OBJC_IMPLICIT_RETAIN_SELF = YES;
				CLANG_WARN_OBJC_LITERAL_CONVERSION = YES;
				CLANG_WARN_OBJC_ROOT_CLASS = YES_ERROR;
				CLANG_WARN_RANGE_LOOP_ANALYSIS = YES;
				CLANG_WARN_STRICT_PROTOTYPES = YES;
				CLANG_WARN_SUSPICIOUS_MOVE = YES;
				CLANG_WARN_UNGUARDED_AVAILABILITY = YES_AGGRESSIVE;
				CLANG_WARN_UNREACHABLE_CODE = YES;
				CLANG_WARN__DUPLICATE_METHOD_MATCH = YES;
				CODE_SIGN_IDENTITY = "iPhone Developer";
				COPY_PHASE_STRIP = NO;
				DEBUG_INFORMATION_FORMAT = "dwarf-with-dsym";
				ENABLE_NS_ASSERTIONS = NO;
				ENABLE_STRICT_OBJC_MSGSEND = YES;
				GCC_C_LANGUAGE_STANDARD = gnu11;
				GCC_NO_COMMON_BLOCKS = YES;
				GCC_WARN_64_TO_32_BIT_CONVERSION = YES;
				GCC_WARN_ABOUT_RETURN_TYPE = YES_ERROR;
				GCC_WARN_UNDECLARED_SELECTOR = YES;
				GCC_WARN_UNINITIALIZED_AUTOS = YES_AGGRESSIVE;
				GCC_WARN_UNUSED_FUNCTION = YES;
				GCC_WARN_UNUSED_VARIABLE = YES;
				IPHONEOS_DEPLOYMENT_TARGET = 11.4;
				MTL_ENABLE_DEBUG_INFO = NO;
				SDKROOT = iphoneos;
				SWIFT_COMPILATION_MODE = wholemodule;
				SWIFT_OPTIMIZATION_LEVEL = "-O";
				VALIDATE_PRODUCT = YES;
			};
			name = Release;
		};
		B94BE0CA215A25FB0088CDAB /* Debug */ = {
			isa = XCBuildConfiguration;
			baseConfigurationReference = 027646B6A128F92FF1C511B0 /* Pods-Music quiz.debug.xcconfig */;
			buildSettings = {
				ASSETCATALOG_COMPILER_APPICON_NAME = AppIcon;
				CODE_SIGN_STYLE = Automatic;
				DEVELOPMENT_TEAM = LLW79T3K9U;
				INFOPLIST_FILE = "Music quiz/Info.plist";
				LD_RUNPATH_SEARCH_PATHS = (
					"$(inherited)",
					"@executable_path/Frameworks",
				);
				PRODUCT_BUNDLE_IDENTIFIER = "com.thefuntasty.Music-quiz";
				PRODUCT_NAME = "$(TARGET_NAME)";
				SWIFT_VERSION = 4.0;
				TARGETED_DEVICE_FAMILY = "1,2";
			};
			name = Debug;
		};
		B94BE0CB215A25FB0088CDAB /* Release */ = {
			isa = XCBuildConfiguration;
			baseConfigurationReference = 9566920A518487BC7F8801DE /* Pods-Music quiz.release.xcconfig */;
			buildSettings = {
				ASSETCATALOG_COMPILER_APPICON_NAME = AppIcon;
				CODE_SIGN_STYLE = Automatic;
				DEVELOPMENT_TEAM = LLW79T3K9U;
				INFOPLIST_FILE = "Music quiz/Info.plist";
				LD_RUNPATH_SEARCH_PATHS = (
					"$(inherited)",
					"@executable_path/Frameworks",
				);
				PRODUCT_BUNDLE_IDENTIFIER = "com.thefuntasty.Music-quiz";
				PRODUCT_NAME = "$(TARGET_NAME)";
				SWIFT_VERSION = 4.0;
				TARGETED_DEVICE_FAMILY = "1,2";
			};
			name = Release;
		};
/* End XCBuildConfiguration section */

/* Begin XCConfigurationList section */
		B94BE0B2215A25F80088CDAB /* Build configuration list for PBXProject "Music quiz" */ = {
			isa = XCConfigurationList;
			buildConfigurations = (
				B94BE0C7215A25FB0088CDAB /* Debug */,
				B94BE0C8215A25FB0088CDAB /* Release */,
			);
			defaultConfigurationIsVisible = 0;
			defaultConfigurationName = Release;
		};
		B94BE0C9215A25FB0088CDAB /* Build configuration list for PBXNativeTarget "Music quiz" */ = {
			isa = XCConfigurationList;
			buildConfigurations = (
				B94BE0CA215A25FB0088CDAB /* Debug */,
				B94BE0CB215A25FB0088CDAB /* Release */,
			);
			defaultConfigurationIsVisible = 0;
			defaultConfigurationName = Release;
		};
/* End XCConfigurationList section */
	};
	rootObject = B94BE0AF215A25F80088CDAB /* Project object */;
}
